
Microsoft Visual Studio Solution File, Format Version 12.00
# Visual Studio Version 16
VisualStudioVersion = 16.0.31613.86
MinimumVisualStudioVersion = 10.0.40219.1
Project("{FAE04EC0-301F-11D3-BF4B-00C04F79EFBC}") = "p117_ex1", "p117_ex1.csproj", "{474125EB-93FF-42E5-9465-43B1D4C66B44}"
EndProject
Global
	GlobalSection(SolutionConfigurationPlatforms) = preSolution
		Debug|Any CPU = Debug|Any CPU
		Release|Any CPU = Release|Any CPU
	EndGlobalSection
	GlobalSection(ProjectConfigurationPlatforms) = postSolution
		{474125EB-93FF-42E5-9465-43B1D4C66B44}.Debug|Any CPU.ActiveCfg = Debug|Any CPU
		{474125EB-93FF-42E5-9465-43B1D4C66B44}.Debug|Any CPU.Build.0 = Debug|Any CPU
		{474125EB-93FF-42E5-9465-43B1D4C66B44}.Release|Any CPU.ActiveCfg = Release|Any CPU
		{474125EB-93FF-42E5-9465-43B1D4C66B44}.Release|Any CPU.Build.0 = Release|Any CPU
	EndGlobalSection
	GlobalSection(SolutionProperties) = preSolution
		HideSolutionNode = FALSE
	EndGlobalSection
	GlobalSection(ExtensibilityGlobals) = postSolution
		SolutionGuid = {2E476E5E-C052-47C8-AB98-680B70FD38D1}
	EndGlobalSection
EndGlobal
